// !$*UTF8*$!
{
	archiveVersion = 1;
	classes = {
	};
	objectVersion = 55;
	objects = {

/* Begin PBXBuildFile section */
		5D0585AB27E26DC700D26CF6 /* TrailingIconLabelStyle.swift in Sources */ = {isa = PBXBuildFile; fileRef = 5D0585AA27E26DC700D26CF6 /* TrailingIconLabelStyle.swift */; };
		5D4C35DB27E78C1D00514F2C /* ScrumsView.swift in Sources */ = {isa = PBXBuildFile; fileRef = 5D4C35DA27E78C1D00514F2C /* ScrumsView.swift */; };
		5D4C35DF27E884A300514F2C /* DetailView.swift in Sources */ = {isa = PBXBuildFile; fileRef = 5D4C35DE27E884A300514F2C /* DetailView.swift */; };
		5D4C35E127EB0A2300514F2C /* DetailEditView.swift in Sources */ = {isa = PBXBuildFile; fileRef = 5D4C35E027EB0A2300514F2C /* DetailEditView.swift */; };
		5D6CDB0127E115F100401F2D /* Theme.swift in Sources */ = {isa = PBXBuildFile; fileRef = 5D6CDB0027E115F100401F2D /* Theme.swift */; };
		5D6CDB0327E119DD00401F2D /* DailyScrum.swift in Sources */ = {isa = PBXBuildFile; fileRef = 5D6CDB0227E119DC00401F2D /* DailyScrum.swift */; };
		5D6CDB0527E1F3C400401F2D /* CardView.swift in Sources */ = {isa = PBXBuildFile; fileRef = 5D6CDB0427E1F3C400401F2D /* CardView.swift */; };
		5DB34C3327DCA4E800B5F57C /* ScrumdingerApp.swift in Sources */ = {isa = PBXBuildFile; fileRef = 5DB34C3227DCA4E800B5F57C /* ScrumdingerApp.swift */; };
		5DB34C3527DCA4E800B5F57C /* MeetingView.swift in Sources */ = {isa = PBXBuildFile; fileRef = 5DB34C3427DCA4E800B5F57C /* MeetingView.swift */; };
		5DB34C3727DCA4EB00B5F57C /* Assets.xcassets in Resources */ = {isa = PBXBuildFile; fileRef = 5DB34C3627DCA4EB00B5F57C /* Assets.xcassets */; };
		5DB34C3A27DCA4EB00B5F57C /* Preview Assets.xcassets in Resources */ = {isa = PBXBuildFile; fileRef = 5DB34C3927DCA4EB00B5F57C /* Preview Assets.xcassets */; };
		5DF69E6327F8275F0098DDF5 /* ThemeView.swift in Sources */ = {isa = PBXBuildFile; fileRef = 5DF69E6227F8275F0098DDF5 /* ThemeView.swift */; };
		5DF69E6527F82C0A0098DDF5 /* ThemePicker.swift in Sources */ = {isa = PBXBuildFile; fileRef = 5DF69E6427F82C0A0098DDF5 /* ThemePicker.swift */; };
/* End PBXBuildFile section */

/* Begin PBXFileReference section */
		5D0585AA27E26DC700D26CF6 /* TrailingIconLabelStyle.swift */ = {isa = PBXFileReference; lastKnownFileType = sourcecode.swift; path = TrailingIconLabelStyle.swift; sourceTree = "<group>"; };
		5D4C35DA27E78C1D00514F2C /* ScrumsView.swift */ = {isa = PBXFileReference; lastKnownFileType = sourcecode.swift; path = ScrumsView.swift; sourceTree = "<group>"; };
		5D4C35DE27E884A300514F2C /* DetailView.swift */ = {isa = PBXFileReference; lastKnownFileType = sourcecode.swift; path = DetailView.swift; sourceTree = "<group>"; };
		5D4C35E027EB0A2300514F2C /* DetailEditView.swift */ = {isa = PBXFileReference; lastKnownFileType = sourcecode.swift; path = DetailEditView.swift; sourceTree = "<group>"; };
		5D6CDB0027E115F100401F2D /* Theme.swift */ = {isa = PBXFileReference; lastKnownFileType = sourcecode.swift; path = Theme.swift; sourceTree = "<group>"; };
		5D6CDB0227E119DC00401F2D /* DailyScrum.swift */ = {isa = PBXFileReference; lastKnownFileType = sourcecode.swift; path = DailyScrum.swift; sourceTree = "<group>"; };
		5D6CDB0427E1F3C400401F2D /* CardView.swift */ = {isa = PBXFileReference; lastKnownFileType = sourcecode.swift; path = CardView.swift; sourceTree = "<group>"; };
		5DB34C2F27DCA4E800B5F57C /* Scrumdinger.app */ = {isa = PBXFileReference; explicitFileType = wrapper.application; includeInIndex = 0; path = Scrumdinger.app; sourceTree = BUILT_PRODUCTS_DIR; };
		5DB34C3227DCA4E800B5F57C /* ScrumdingerApp.swift */ = {isa = PBXFileReference; lastKnownFileType = sourcecode.swift; path = ScrumdingerApp.swift; sourceTree = "<group>"; };
		5DB34C3427DCA4E800B5F57C /* MeetingView.swift */ = {isa = PBXFileReference; lastKnownFileType = sourcecode.swift; path = MeetingView.swift; sourceTree = "<group>"; };
		5DB34C3627DCA4EB00B5F57C /* Assets.xcassets */ = {isa = PBXFileReference; lastKnownFileType = folder.assetcatalog; path = Assets.xcassets; sourceTree = "<group>"; };
		5DB34C3927DCA4EB00B5F57C /* Preview Assets.xcassets */ = {isa = PBXFileReference; lastKnownFileType = folder.assetcatalog; path = "Preview Assets.xcassets"; sourceTree = "<group>"; };
		5DF69E6227F8275F0098DDF5 /* ThemeView.swift */ = {isa = PBXFileReference; lastKnownFileType = sourcecode.swift; path = ThemeView.swift; sourceTree = "<group>"; };
		5DF69E6427F82C0A0098DDF5 /* ThemePicker.swift */ = {isa = PBXFileReference; lastKnownFileType = sourcecode.swift; path = ThemePicker.swift; sourceTree = "<group>"; };
/* End PBXFileReference section */

/* Begin PBXFrameworksBuildPhase section */
		5DB34C2C27DCA4E800B5F57C /* Frameworks */ = {
			isa = PBXFrameworksBuildPhase;
			buildActionMask = 2147483647;
			files = (
			);
			runOnlyForDeploymentPostprocessing = 0;
		};
/* End PBXFrameworksBuildPhase section */

/* Begin PBXGroup section */
		5D6CDAFF27E115B400401F2D /* Models */ = {
			isa = PBXGroup;
			children = (
				5D6CDB0027E115F100401F2D /* Theme.swift */,
				5D6CDB0227E119DC00401F2D /* DailyScrum.swift */,
			);
			path = Models;
			sourceTree = "<group>";
		};
		5DB34C2627DCA4E800B5F57C = {
			isa = PBXGroup;
			children = (
				5DB34C3127DCA4E800B5F57C /* Scrumdinger */,
				5DB34C3027DCA4E800B5F57C /* Products */,
			);
			sourceTree = "<group>";
		};
		5DB34C3027DCA4E800B5F57C /* Products */ = {
			isa = PBXGroup;
			children = (
				5DB34C2F27DCA4E800B5F57C /* Scrumdinger.app */,
			);
			name = Products;
			sourceTree = "<group>";
		};
		5DB34C3127DCA4E800B5F57C /* Scrumdinger */ = {
			isa = PBXGroup;
			children = (
				5D6CDAFF27E115B400401F2D /* Models */,
				5DB34C3227DCA4E800B5F57C /* ScrumdingerApp.swift */,
				5D4C35DE27E884A300514F2C /* DetailView.swift */,
				5D4C35E027EB0A2300514F2C /* DetailEditView.swift */,
				5DF69E6427F82C0A0098DDF5 /* ThemePicker.swift */,
				5DF69E6227F8275F0098DDF5 /* ThemeView.swift */,
				5DB34C3427DCA4E800B5F57C /* MeetingView.swift */,
				5D6CDB0427E1F3C400401F2D /* CardView.swift */,
				5D4C35DA27E78C1D00514F2C /* ScrumsView.swift */,
				5D0585AA27E26DC700D26CF6 /* TrailingIconLabelStyle.swift */,
				5DB34C3627DCA4EB00B5F57C /* Assets.xcassets */,
				5DB34C3827DCA4EB00B5F57C /* Preview Content */,
			);
			path = Scrumdinger;
			sourceTree = "<group>";
		};
		5DB34C3827DCA4EB00B5F57C /* Preview Content */ = {
			isa = PBXGroup;
			children = (
				5DB34C3927DCA4EB00B5F57C /* Preview Assets.xcassets */,
			);
			path = "Preview Content";
			sourceTree = "<group>";
		};
/* End PBXGroup section */

/* Begin PBXNativeTarget section */
		5DB34C2E27DCA4E800B5F57C /* Scrumdinger */ = {
			isa = PBXNativeTarget;
			buildConfigurationList = 5DB34C3D27DCA4EB00B5F57C /* Build configuration list for PBXNativeTarget "Scrumdinger" */;
			buildPhases = (
				5DB34C2B27DCA4E800B5F57C /* Sources */,
				5DB34C2C27DCA4E800B5F57C /* Frameworks */,
				5DB34C2D27DCA4E800B5F57C /* Resources */,
			);
			buildRules = (
			);
			dependencies = (
			);
			name = Scrumdinger;
			productName = Scrumdinger;
			productReference = 5DB34C2F27DCA4E800B5F57C /* Scrumdinger.app */;
			productType = "com.apple.product-type.application";
		};
/* End PBXNativeTarget section */

/* Begin PBXProject section */
		5DB34C2727DCA4E800B5F57C /* Project object */ = {
			isa = PBXProject;
			attributes = {
				BuildIndependentTargetsInParallel = 1;
				LastSwiftUpdateCheck = 1320;
				LastUpgradeCheck = 1320;
				TargetAttributes = {
					5DB34C2E27DCA4E800B5F57C = {
						CreatedOnToolsVersion = 13.2.1;
					};
				};
			};
			buildConfigurationList = 5DB34C2A27DCA4E800B5F57C /* Build configuration list for PBXProject "Scrumdinger" */;
			compatibilityVersion = "Xcode 13.0";
			developmentRegion = en;
			hasScannedForEncodings = 0;
			knownRegions = (
				en,
				Base,
			);
			mainGroup = 5DB34C2627DCA4E800B5F57C;
			productRefGroup = 5DB34C3027DCA4E800B5F57C /* Products */;
			projectDirPath = "";
			projectRoot = "";
			targets = (
				5DB34C2E27DCA4E800B5F57C /* Scrumdinger */,
			);
		};
/* End PBXProject section */

/* Begin PBXResourcesBuildPhase section */
		5DB34C2D27DCA4E800B5F57C /* Resources */ = {
			isa = PBXResourcesBuildPhase;
			buildActionMask = 2147483647;
			files = (
				5DB34C3A27DCA4EB00B5F57C /* Preview Assets.xcassets in Resources */,
				5DB34C3727DCA4EB00B5F57C /* Assets.xcassets in Resources */,
			);
			runOnlyForDeploymentPostprocessing = 0;
		};
/* End PBXResourcesBuildPhase section */

/* Begin PBXSourcesBuildPhase section */
		5DB34C2B27DCA4E800B5F57C /* Sources */ = {
			isa = PBXSourcesBuildPhase;
			buildActionMask = 2147483647;
			files = (
				5DF69E6527F82C0A0098DDF5 /* ThemePicker.swift in Sources */,
				5D6CDB0327E119DD00401F2D /* DailyScrum.swift in Sources */,
				5D4C35DF27E884A300514F2C /* DetailView.swift in Sources */,
				5D4C35E127EB0A2300514F2C /* DetailEditView.swift in Sources */,
				5D0585AB27E26DC700D26CF6 /* TrailingIconLabelStyle.swift in Sources */,
				5D6CDB0127E115F100401F2D /* Theme.swift in Sources */,
				5D4C35DB27E78C1D00514F2C /* ScrumsView.swift in Sources */,
				5DB34C3527DCA4E800B5F57C /* MeetingView.swift in Sources */,
				5DB34C3327DCA4E800B5F57C /* ScrumdingerApp.swift in Sources */,
				5DF69E6327F8275F0098DDF5 /* ThemeView.swift in Sources */,
				5D6CDB0527E1F3C400401F2D /* CardView.swift in Sources */,
			);
			runOnlyForDeploymentPostprocessing = 0;
		};
/* End PBXSourcesBuildPhase section */

/* Begin XCBuildConfiguration section */
		5DB34C3B27DCA4EB00B5F57C /* Debug */ = {
			isa = XCBuildConfiguration;
			buildSettings = {
				ALWAYS_SEARCH_USER_PATHS = NO;
				CLANG_ANALYZER_NONNULL = YES;
				CLANG_ANALYZER_NUMBER_OBJECT_CONVERSION = YES_AGGRESSIVE;
				CLANG_CXX_LANGUAGE_STANDARD = "gnu++17";
				CLANG_CXX_LIBRARY = "libc++";
				CLANG_ENABLE_MODULES = YES;
				CLANG_ENABLE_OBJC_ARC = YES;
				CLANG_ENABLE_OBJC_WEAK = YES;
				CLANG_WARN_BLOCK_CAPTURE_AUTORELEASING = YES;
				CLANG_WARN_BOOL_CONVERSION = YES;
				CLANG_WARN_COMMA = YES;
				CLANG_WARN_CONSTANT_CONVERSION = YES;
				CLANG_WARN_DEPRECATED_OBJC_IMPLEMENTATIONS = YES;
				CLANG_WARN_DIRECT_OBJC_ISA_USAGE = YES_ERROR;
				CLANG_WARN_DOCUMENTATION_COMMENTS = YES;
				CLANG_WARN_EMPTY_BODY = YES;
				CLANG_WARN_ENUM_CONVERSION = YES;
				CLANG_WARN_INFINITE_RECURSION = YES;
				CLANG_WARN_INT_CONVERSION = YES;
				CLANG_WARN_NON_LITERAL_NULL_CONVERSION = YES;
				CLANG_WARN_OBJC_IMPLICIT_RETAIN_SELF = YES;
				CLANG_WARN_OBJC_LITERAL_CONVERSION = YES;
				CLANG_WARN_OBJC_ROOT_CLASS = YES_ERROR;
				CLANG_WARN_QUOTED_INCLUDE_IN_FRAMEWORK_HEADER = YES;
				CLANG_WARN_RANGE_LOOP_ANALYSIS = YES;
				CLANG_WARN_STRICT_PROTOTYPES = YES;
				CLANG_WARN_SUSPICIOUS_MOVE = YES;
				CLANG_WARN_UNGUARDED_AVAILABILITY = YES_AGGRESSIVE;
				CLANG_WARN_UNREACHABLE_CODE = YES;
				CLANG_WARN__DUPLICATE_METHOD_MATCH = YES;
				COPY_PHASE_STRIP = NO;
				DEBUG_INFORMATION_FORMAT = dwarf;
				ENABLE_STRICT_OBJC_MSGSEND = YES;
				ENABLE_TESTABILITY = YES;
				GCC_C_LANGUAGE_STANDARD = gnu11;
				GCC_DYNAMIC_NO_PIC = NO;
				GCC_NO_COMMON_BLOCKS = YES;
				GCC_OPTIMIZATION_LEVEL = 0;
				GCC_PREPROCESSOR_DEFINITIONS = (
					"DEBUG=1",
					"$(inherited)",
				);
				GCC_WARN_64_TO_32_BIT_CONVERSION = YES;
				GCC_WARN_ABOUT_RETURN_TYPE = YES_ERROR;
				GCC_WARN_UNDECLARED_SELECTOR = YES;
				GCC_WARN_UNINITIALIZED_AUTOS = YES_AGGRESSIVE;
				GCC_WARN_UNUSED_FUNCTION = YES;
				GCC_WARN_UNUSED_VARIABLE = YES;
				IPHONEOS_DEPLOYMENT_TARGET = 15.2;
				MTL_ENABLE_DEBUG_INFO = INCLUDE_SOURCE;
				MTL_FAST_MATH = YES;
				ONLY_ACTIVE_ARCH = YES;
				SDKROOT = iphoneos;
				SWIFT_ACTIVE_COMPILATION_CONDITIONS = DEBUG;
				SWIFT_OPTIMIZATION_LEVEL = "-Onone";
			};
			name = Debug;
		};
		5DB34C3C27DCA4EB00B5F57C /* Release */ = {
			isa = XCBuildConfiguration;
			buildSettings = {
				ALWAYS_SEARCH_USER_PATHS = NO;
				CLANG_ANALYZER_NONNULL = YES;
				CLANG_ANALYZER_NUMBER_OBJECT_CONVERSION = YES_AGGRESSIVE;
				CLANG_CXX_LANGUAGE_STANDARD = "gnu++17";
				CLANG_CXX_LIBRARY = "libc++";
				CLANG_ENABLE_MODULES = YES;
				CLANG_ENABLE_OBJC_ARC = YES;
				CLANG_ENABLE_OBJC_WEAK = YES;
				CLANG_WARN_BLOCK_CAPTURE_AUTORELEASING = YES;
				CLANG_WARN_BOOL_CONVERSION = YES;
				CLANG_WARN_COMMA = YES;
				CLANG_WARN_CONSTANT_CONVERSION = YES;
				CLANG_WARN_DEPRECATED_OBJC_IMPLEMENTATIONS = YES;
				CLANG_WARN_DIRECT_OBJC_ISA_USAGE = YES_ERROR;
				CLANG_WARN_DOCUMENTATION_COMMENTS = YES;
				CLANG_WARN_EMPTY_BODY = YES;
				CLANG_WARN_ENUM_CONVERSION = YES;
				CLANG_WARN_INFINITE_RECURSION = YES;
				CLANG_WARN_INT_CONVERSION = YES;
				CLANG_WARN_NON_LITERAL_NULL_CONVERSION = YES;
				CLANG_WARN_OBJC_IMPLICIT_RETAIN_SELF = YES;
				CLANG_WARN_OBJC_LITERAL_CONVERSION = YES;
				CLANG_WARN_OBJC_ROOT_CLASS = YES_ERROR;
				CLANG_WARN_QUOTED_INCLUDE_IN_FRAMEWORK_HEADER = YES;
				CLANG_WARN_RANGE_LOOP_ANALYSIS = YES;
				CLANG_WARN_STRICT_PROTOTYPES = YES;
				CLANG_WARN_SUSPICIOUS_MOVE = YES;
				CLANG_WARN_UNGUARDED_AVAILABILITY = YES_AGGRESSIVE;
				CLANG_WARN_UNREACHABLE_CODE = YES;
				CLANG_WARN__DUPLICATE_METHOD_MATCH = YES;
				COPY_PHASE_STRIP = NO;
				DEBUG_INFORMATION_FORMAT = "dwarf-with-dsym";
				ENABLE_NS_ASSERTIONS = NO;
				ENABLE_STRICT_OBJC_MSGSEND = YES;
				GCC_C_LANGUAGE_STANDARD = gnu11;
				GCC_NO_COMMON_BLOCKS = YES;
				GCC_WARN_64_TO_32_BIT_CONVERSION = YES;
				GCC_WARN_ABOUT_RETURN_TYPE = YES_ERROR;
				GCC_WARN_UNDECLARED_SELECTOR = YES;
				GCC_WARN_UNINITIALIZED_AUTOS = YES_AGGRESSIVE;
				GCC_WARN_UNUSED_FUNCTION = YES;
				GCC_WARN_UNUSED_VARIABLE = YES;
				IPHONEOS_DEPLOYMENT_TARGET = 15.2;
				MTL_ENABLE_DEBUG_INFO = NO;
				MTL_FAST_MATH = YES;
				SDKROOT = iphoneos;
				SWIFT_COMPILATION_MODE = wholemodule;
				SWIFT_OPTIMIZATION_LEVEL = "-O";
				VALIDATE_PRODUCT = YES;
			};
			name = Release;
		};
		5DB34C3E27DCA4EB00B5F57C /* Debug */ = {
			isa = XCBuildConfiguration;
			buildSettings = {
				ASSETCATALOG_COMPILER_APPICON_NAME = AppIcon;
				ASSETCATALOG_COMPILER_GLOBAL_ACCENT_COLOR_NAME = AccentColor;
				CODE_SIGN_STYLE = Automatic;
				CURRENT_PROJECT_VERSION = 1;
				DEVELOPMENT_ASSET_PATHS = "\"Scrumdinger/Preview Content\"";
				DEVELOPMENT_TEAM = VQ772XVV32;
				ENABLE_PREVIEWS = YES;
				GENERATE_INFOPLIST_FILE = YES;
				INFOPLIST_KEY_UIApplicationSceneManifest_Generation = YES;
				INFOPLIST_KEY_UIApplicationSupportsIndirectInputEvents = YES;
				INFOPLIST_KEY_UILaunchScreen_Generation = YES;
				INFOPLIST_KEY_UISupportedInterfaceOrientations_iPad = "UIInterfaceOrientationPortrait UIInterfaceOrientationPortraitUpsideDown UIInterfaceOrientationLandscapeLeft UIInterfaceOrientationLandscapeRight";
				INFOPLIST_KEY_UISupportedInterfaceOrientations_iPhone = "UIInterfaceOrientationPortrait UIInterfaceOrientationLandscapeLeft UIInterfaceOrientationLandscapeRight";
				LD_RUNPATH_SEARCH_PATHS = (
					"$(inherited)",
					"@executable_path/Frameworks",
				);
				MARKETING_VERSION = 1.0;
				PRODUCT_BUNDLE_IDENTIFIER = com.jarcok7.Scrumdinger;
				PRODUCT_NAME = "$(TARGET_NAME)";
				SWIFT_EMIT_LOC_STRINGS = YES;
				SWIFT_VERSION = 5.0;
				TARGETED_DEVICE_FAMILY = "1,2";
			};
			name = Debug;
		};
		5DB34C3F27DCA4EB00B5F57C /* Release */ = {
			isa = XCBuildConfiguration;
			buildSettings = {
				ASSETCATALOG_COMPILER_APPICON_NAME = AppIcon;
				ASSETCATALOG_COMPILER_GLOBAL_ACCENT_COLOR_NAME = AccentColor;
				CODE_SIGN_STYLE = Automatic;
				CURRENT_PROJECT_VERSION = 1;
				DEVELOPMENT_ASSET_PATHS = "\"Scrumdinger/Preview Content\"";
				DEVELOPMENT_TEAM = VQ772XVV32;
				ENABLE_PREVIEWS = YES;
				GENERATE_INFOPLIST_FILE = YES;
				INFOPLIST_KEY_UIApplicationSceneManifest_Generation = YES;
				INFOPLIST_KEY_UIApplicationSupportsIndirectInputEvents = YES;
				INFOPLIST_KEY_UILaunchScreen_Generation = YES;
				INFOPLIST_KEY_UISupportedInterfaceOrientations_iPad = "UIInterfaceOrientationPortrait UIInterfaceOrientationPortraitUpsideDown UIInterfaceOrientationLandscapeLeft UIInterfaceOrientationLandscapeRight";
				INFOPLIST_KEY_UISupportedInterfaceOrientations_iPhone = "UIInterfaceOrientationPortrait UIInterfaceOrientationLandscapeLeft UIInterfaceOrientationLandscapeRight";
				LD_RUNPATH_SEARCH_PATHS = (
					"$(inherited)",
					"@executable_path/Frameworks",
				);
				MARKETING_VERSION = 1.0;
				PRODUCT_BUNDLE_IDENTIFIER = com.jarcok7.Scrumdinger;
				PRODUCT_NAME = "$(TARGET_NAME)";
				SWIFT_EMIT_LOC_STRINGS = YES;
				SWIFT_VERSION = 5.0;
				TARGETED_DEVICE_FAMILY = "1,2";
			};
			name = Release;
		};
/* End XCBuildConfiguration section */

/* Begin XCConfigurationList section */
		5DB34C2A27DCA4E800B5F57C /* Build configuration list for PBXProject "Scrumdinger" */ = {
			isa = XCConfigurationList;
			buildConfigurations = (
				5DB34C3B27DCA4EB00B5F57C /* Debug */,
				5DB34C3C27DCA4EB00B5F57C /* Release */,
			);
			defaultConfigurationIsVisible = 0;
			defaultConfigurationName = Release;
		};
		5DB34C3D27DCA4EB00B5F57C /* Build configuration list for PBXNativeTarget "Scrumdinger" */ = {
			isa = XCConfigurationList;
			buildConfigurations = (
				5DB34C3E27DCA4EB00B5F57C /* Debug */,
				5DB34C3F27DCA4EB00B5F57C /* Release */,
			);
			defaultConfigurationIsVisible = 0;
			defaultConfigurationName = Release;
		};
/* End XCConfigurationList section */
	};
	rootObject = 5DB34C2727DCA4E800B5F57C /* Project object */;
}
